
Microsoft Visual Studio Solution File, Format Version 12.00
# Visual Studio 15
VisualStudioVersion = 15.0.27130.2010
MinimumVisualStudioVersion = 10.0.40219.1
Project("{FAE04EC0-301F-11D3-BF4B-00C04F79EFBC}") = "Resgen001", "Resgen001\Resgen001.csproj", "{503E7815-C82C-4109-80CE-89BB3901E52D}"
EndProject
Global
	GlobalSection(SolutionConfigurationPlatforms) = preSolution
		Debug|Any CPU = Debug|Any CPU
		Release|Any CPU = Release|Any CPU
	EndGlobalSection
	GlobalSection(ProjectConfigurationPlatforms) = postSolution
		{503E7815-C82C-4109-80CE-89BB3901E52D}.Debug|Any CPU.ActiveCfg = Debug|Any CPU
		{503E7815-C82C-4109-80CE-89BB3901E52D}.Debug|Any CPU.Build.0 = Debug|Any CPU
		{503E7815-C82C-4109-80CE-89BB3901E52D}.Release|Any CPU.ActiveCfg = Release|Any CPU
		{503E7815-C82C-4109-80CE-89BB3901E52D}.Release|Any CPU.Build.0 = Release|Any CPU
	EndGlobalSection
	GlobalSection(SolutionProperties) = preSolution
		HideSolutionNode = FALSE
	EndGlobalSection
	GlobalSection(ExtensibilityGlobals) = postSolution
		SolutionGuid = {116E35BF-F284-4382-9D48-54DCCB648B9A}
	EndGlobalSection
EndGlobal
